
Microsoft Visual Studio Solution File, Format Version 12.00
# Visual Studio Version 17
VisualStudioVersion = 17.5.33627.172
MinimumVisualStudioVersion = 10.0.40219.1
Project("{FAE04EC0-301F-11D3-BF4B-00C04F79EFBC}") = "Proyecto.Server", "Server\Proyecto.Server.csproj", "{BF7DA0E7-EC6D-44BB-8607-8578C86339A6}"
EndProject
Project("{FAE04EC0-301F-11D3-BF4B-00C04F79EFBC}") = "Proyecto.Client", "Client\Proyecto.Client.csproj", "{8B0C8563-9E55-4355-9A78-5CE7F51022F7}"
EndProject
Project("{FAE04EC0-301F-11D3-BF4B-00C04F79EFBC}") = "Proyecto.Shared", "Shared\Proyecto.Shared.csproj", "{0FCF29D7-A6C6-4D76-9B27-E0C631530C71}"
EndProject
Global
	GlobalSection(SolutionConfigurationPlatforms) = preSolution
		Debug|Any CPU = Debug|Any CPU
		Release|Any CPU = Release|Any CPU
	EndGlobalSection
	GlobalSection(ProjectConfigurationPlatforms) = postSolution
		{BF7DA0E7-EC6D-44BB-8607-8578C86339A6}.Debug|Any CPU.ActiveCfg = Debug|Any CPU
		{BF7DA0E7-EC6D-44BB-8607-8578C86339A6}.Debug|Any CPU.Build.0 = Debug|Any CPU
		{BF7DA0E7-EC6D-44BB-8607-8578C86339A6}.Release|Any CPU.ActiveCfg = Release|Any CPU
		{BF7DA0E7-EC6D-44BB-8607-8578C86339A6}.Release|Any CPU.Build.0 = Release|Any CPU
		{8B0C8563-9E55-4355-9A78-5CE7F51022F7}.Debug|Any CPU.ActiveCfg = Debug|Any CPU
		{8B0C8563-9E55-4355-9A78-5CE7F51022F7}.Debug|Any CPU.Build.0 = Debug|Any CPU
		{8B0C8563-9E55-4355-9A78-5CE7F51022F7}.Release|Any CPU.ActiveCfg = Release|Any CPU
		{8B0C8563-9E55-4355-9A78-5CE7F51022F7}.Release|Any CPU.Build.0 = Release|Any CPU
		{0FCF29D7-A6C6-4D76-9B27-E0C631530C71}.Debug|Any CPU.ActiveCfg = Debug|Any CPU
		{0FCF29D7-A6C6-4D76-9B27-E0C631530C71}.Debug|Any CPU.Build.0 = Debug|Any CPU
		{0FCF29D7-A6C6-4D76-9B27-E0C631530C71}.Release|Any CPU.ActiveCfg = Release|Any CPU
		{0FCF29D7-A6C6-4D76-9B27-E0C631530C71}.Release|Any CPU.Build.0 = Release|Any CPU
	EndGlobalSection
	GlobalSection(SolutionProperties) = preSolution
		HideSolutionNode = FALSE
	EndGlobalSection
	GlobalSection(ExtensibilityGlobals) = postSolution
		SolutionGuid = {0AFD422E-44AD-4E88-83CA-3B96827165D4}
	EndGlobalSection
EndGlobal
